
Microsoft Visual Studio Solution File, Format Version 12.00
# Visual Studio Version 17
VisualStudioVersion = 17.7.34018.315
MinimumVisualStudioVersion = 10.0.40219.1
Project("{FAE04EC0-301F-11D3-BF4B-00C04F79EFBC}") = "To-Do-List.Application", "To-Do-List-Application\To-Do-List.Application.csproj", "{3D00F975-D9D9-4D90-97DF-F4AE9DC0C61B}"
EndProject
Project("{FAE04EC0-301F-11D3-BF4B-00C04F79EFBC}") = "ToDoList.Model", "ToDoList.Model\ToDoList.Model.csproj", "{CF2B0A7F-38AE-4590-9CE1-3D72E1FE503C}"
EndProject
Project("{FAE04EC0-301F-11D3-BF4B-00C04F79EFBC}") = "ToDoList.Service", "ToDoList.Service\ToDoList.Service.csproj", "{99A005CB-8346-4B67-B5A3-EC0354DB5BD0}"
EndProject
Global
	GlobalSection(SolutionConfigurationPlatforms) = preSolution
		Debug|Any CPU = Debug|Any CPU
		Release|Any CPU = Release|Any CPU
	EndGlobalSection
	GlobalSection(ProjectConfigurationPlatforms) = postSolution
		{3D00F975-D9D9-4D90-97DF-F4AE9DC0C61B}.Debug|Any CPU.ActiveCfg = Debug|Any CPU
		{3D00F975-D9D9-4D90-97DF-F4AE9DC0C61B}.Debug|Any CPU.Build.0 = Debug|Any CPU
		{3D00F975-D9D9-4D90-97DF-F4AE9DC0C61B}.Release|Any CPU.ActiveCfg = Release|Any CPU
		{3D00F975-D9D9-4D90-97DF-F4AE9DC0C61B}.Release|Any CPU.Build.0 = Release|Any CPU
		{CF2B0A7F-38AE-4590-9CE1-3D72E1FE503C}.Debug|Any CPU.ActiveCfg = Debug|Any CPU
		{CF2B0A7F-38AE-4590-9CE1-3D72E1FE503C}.Debug|Any CPU.Build.0 = Debug|Any CPU
		{CF2B0A7F-38AE-4590-9CE1-3D72E1FE503C}.Release|Any CPU.ActiveCfg = Release|Any CPU
		{CF2B0A7F-38AE-4590-9CE1-3D72E1FE503C}.Release|Any CPU.Build.0 = Release|Any CPU
		{99A005CB-8346-4B67-B5A3-EC0354DB5BD0}.Debug|Any CPU.ActiveCfg = Debug|Any CPU
		{99A005CB-8346-4B67-B5A3-EC0354DB5BD0}.Debug|Any CPU.Build.0 = Debug|Any CPU
		{99A005CB-8346-4B67-B5A3-EC0354DB5BD0}.Release|Any CPU.ActiveCfg = Release|Any CPU
		{99A005CB-8346-4B67-B5A3-EC0354DB5BD0}.Release|Any CPU.Build.0 = Release|Any CPU
	EndGlobalSection
	GlobalSection(SolutionProperties) = preSolution
		HideSolutionNode = FALSE
	EndGlobalSection
	GlobalSection(ExtensibilityGlobals) = postSolution
		SolutionGuid = {056DBFE9-E870-42D1-95A5-E1730FF109A7}
	EndGlobalSection
EndGlobal
